// !$*UTF8*$!
{
	archiveVersion = 1;
	classes = {
	};
	objectVersion = 46;
	objects = {

/* Begin PBXBuildFile section */
		CF3F24A0179F22BF00CF7A58 /* main.cpp in Sources */ = {isa = PBXBuildFile; fileRef = CF3F249F179F22BF00CF7A58 /* main.cpp */; };
/* End PBXBuildFile section */

/* Begin PBXCopyFilesBuildPhase section */
		CF3F2499179F22BF00CF7A58 /* CopyFiles */ = {
			isa = PBXCopyFilesBuildPhase;
			buildActionMask = 2147483647;
			dstPath = /usr/share/man/man1/;
			dstSubfolderSpec = 0;
			files = (
			);
			runOnlyForDeploymentPostprocessing = 1;
		};
/* End PBXCopyFilesBuildPhase section */

/* Begin PBXFileReference section */
		CF3F249B179F22BF00CF7A58 /* calcul-vitesse-can-lpc2294-pics */ = {isa = PBXFileReference; explicitFileType = "compiled.mach-o.executable"; includeInIndex = 0; path = "calcul-vitesse-can-lpc2294-pics"; sourceTree = BUILT_PRODUCTS_DIR; };
		CF3F249F179F22BF00CF7A58 /* main.cpp */ = {isa = PBXFileReference; lastKnownFileType = sourcecode.cpp.cpp; path = main.cpp; sourceTree = "<group>"; };
/* End PBXFileReference section */

/* Begin PBXFrameworksBuildPhase section */
		CF3F2498179F22BF00CF7A58 /* Frameworks */ = {
			isa = PBXFrameworksBuildPhase;
			buildActionMask = 2147483647;
			files = (
			);
			runOnlyForDeploymentPostprocessing = 0;
		};
/* End PBXFrameworksBuildPhase section */

/* Begin PBXGroup section */
		CF3F2490179F22BE00CF7A58 = {
			isa = PBXGroup;
			children = (
				CF3F249E179F22BF00CF7A58 /* calcul-vitesse-can-lpc2294-pics */,
				CF3F249C179F22BF00CF7A58 /* Products */,
			);
			sourceTree = "<group>";
		};
		CF3F249C179F22BF00CF7A58 /* Products */ = {
			isa = PBXGroup;
			children = (
				CF3F249B179F22BF00CF7A58 /* calcul-vitesse-can-lpc2294-pics */,
			);
			name = Products;
			sourceTree = "<group>";
		};
		CF3F249E179F22BF00CF7A58 /* calcul-vitesse-can-lpc2294-pics */ = {
			isa = PBXGroup;
			children = (
				CF3F249F179F22BF00CF7A58 /* main.cpp */,
			);
			path = "calcul-vitesse-can-lpc2294-pics";
			sourceTree = "<group>";
		};
/* End PBXGroup section */

/* Begin PBXNativeTarget section */
		CF3F249A179F22BF00CF7A58 /* calcul-vitesse-can-lpc2294-pics */ = {
			isa = PBXNativeTarget;
			buildConfigurationList = CF3F24A5179F22BF00CF7A58 /* Build configuration list for PBXNativeTarget "calcul-vitesse-can-lpc2294-pics" */;
			buildPhases = (
				CF3F2497179F22BF00CF7A58 /* Sources */,
				CF3F2498179F22BF00CF7A58 /* Frameworks */,
				CF3F2499179F22BF00CF7A58 /* CopyFiles */,
			);
			buildRules = (
			);
			dependencies = (
			);
			name = "calcul-vitesse-can-lpc2294-pics";
			productName = "calcul-vitesse-can-lpc2294-pics";
			productReference = CF3F249B179F22BF00CF7A58 /* calcul-vitesse-can-lpc2294-pics */;
			productType = "com.apple.product-type.tool";
		};
/* End PBXNativeTarget section */

/* Begin PBXProject section */
		CF3F2492179F22BE00CF7A58 /* Project object */ = {
			isa = PBXProject;
			attributes = {
				LastUpgradeCheck = 0430;
				ORGANIZATIONNAME = "ECN / IRCCyN";
			};
			buildConfigurationList = CF3F2495179F22BE00CF7A58 /* Build configuration list for PBXProject "calcul-vitesse-can-lpc2294-pics" */;
			compatibilityVersion = "Xcode 3.2";
			developmentRegion = English;
			hasScannedForEncodings = 0;
			knownRegions = (
				en,
			);
			mainGroup = CF3F2490179F22BE00CF7A58;
			productRefGroup = CF3F249C179F22BF00CF7A58 /* Products */;
			projectDirPath = "";
			projectRoot = "";
			targets = (
				CF3F249A179F22BF00CF7A58 /* calcul-vitesse-can-lpc2294-pics */,
			);
		};
/* End PBXProject section */

/* Begin PBXSourcesBuildPhase section */
		CF3F2497179F22BF00CF7A58 /* Sources */ = {
			isa = PBXSourcesBuildPhase;
			buildActionMask = 2147483647;
			files = (
				CF3F24A0179F22BF00CF7A58 /* main.cpp in Sources */,
			);
			runOnlyForDeploymentPostprocessing = 0;
		};
/* End PBXSourcesBuildPhase section */

/* Begin XCBuildConfiguration section */
		CF3F24A3179F22BF00CF7A58 /* Debug */ = {
			isa = XCBuildConfiguration;
			buildSettings = {
				ALWAYS_SEARCH_USER_PATHS = NO;
				ARCHS = "$(ARCHS_STANDARD_64_BIT)";
				COPY_PHASE_STRIP = NO;
				GCC_C_LANGUAGE_STANDARD = gnu99;
				GCC_DYNAMIC_NO_PIC = NO;
				GCC_ENABLE_OBJC_EXCEPTIONS = YES;
				GCC_OPTIMIZATION_LEVEL = 0;
				GCC_PREPROCESSOR_DEFINITIONS = (
					"DEBUG=1",
					"$(inherited)",
				);
				GCC_SYMBOLS_PRIVATE_EXTERN = NO;
				GCC_VERSION = com.apple.compilers.llvm.clang.1_0;
				GCC_WARN_64_TO_32_BIT_CONVERSION = YES;
				GCC_WARN_ABOUT_RETURN_TYPE = YES;
				GCC_WARN_UNINITIALIZED_AUTOS = YES;
				GCC_WARN_UNUSED_VARIABLE = YES;
				MACOSX_DEPLOYMENT_TARGET = 10.7;
				ONLY_ACTIVE_ARCH = YES;
				SDKROOT = macosx;
			};
			name = Debug;
		};
		CF3F24A4179F22BF00CF7A58 /* Release */ = {
			isa = XCBuildConfiguration;
			buildSettings = {
				ALWAYS_SEARCH_USER_PATHS = NO;
				ARCHS = "$(ARCHS_STANDARD_64_BIT)";
				COPY_PHASE_STRIP = YES;
				DEBUG_INFORMATION_FORMAT = "dwarf-with-dsym";
				GCC_C_LANGUAGE_STANDARD = gnu99;
				GCC_ENABLE_OBJC_EXCEPTIONS = YES;
				GCC_VERSION = com.apple.compilers.llvm.clang.1_0;
				GCC_WARN_64_TO_32_BIT_CONVERSION = YES;
				GCC_WARN_ABOUT_RETURN_TYPE = YES;
				GCC_WARN_UNINITIALIZED_AUTOS = YES;
				GCC_WARN_UNUSED_VARIABLE = YES;
				MACOSX_DEPLOYMENT_TARGET = 10.7;
				SDKROOT = macosx;
			};
			name = Release;
		};
		CF3F24A6179F22BF00CF7A58 /* Debug */ = {
			isa = XCBuildConfiguration;
			buildSettings = {
				PRODUCT_NAME = "$(TARGET_NAME)";
			};
			name = Debug;
		};
		CF3F24A7179F22BF00CF7A58 /* Release */ = {
			isa = XCBuildConfiguration;
			buildSettings = {
				PRODUCT_NAME = "$(TARGET_NAME)";
			};
			name = Release;
		};
/* End XCBuildConfiguration section */

/* Begin XCConfigurationList section */
		CF3F2495179F22BE00CF7A58 /* Build configuration list for PBXProject "calcul-vitesse-can-lpc2294-pics" */ = {
			isa = XCConfigurationList;
			buildConfigurations = (
				CF3F24A3179F22BF00CF7A58 /* Debug */,
				CF3F24A4179F22BF00CF7A58 /* Release */,
			);
			defaultConfigurationIsVisible = 0;
			defaultConfigurationName = Release;
		};
		CF3F24A5179F22BF00CF7A58 /* Build configuration list for PBXNativeTarget "calcul-vitesse-can-lpc2294-pics" */ = {
			isa = XCConfigurationList;
			buildConfigurations = (
				CF3F24A6179F22BF00CF7A58 /* Debug */,
				CF3F24A7179F22BF00CF7A58 /* Release */,
			);
			defaultConfigurationIsVisible = 0;
			defaultConfigurationName = Release;
		};
/* End XCConfigurationList section */
	};
	rootObject = CF3F2492179F22BE00CF7A58 /* Project object */;
}
